{
    "_readme": [
        "This file locks the dependencies of your project to a known state",
        "Read more about it at https://getcomposer.org/doc/01-basic-usage.md#installing-dependencies",
        "This file is @generated automatically"
    ],
    "content-hash": "a433e54bafbfd3fd90f5a02bb12dc65b",
    "packages": [],
    "packages-dev": [
        {
            "name": "douglasgreen/config-setup",
            "version": "dev-main",
            "source": {
                "type": "git",
                "url": "https://github.com/douglasgreen/config-setup.git",
                "reference": "3c4711de3c949bb135aafff3934edda384abf5a8"
            },
            "dist": {
                "type": "zip",
                "url": "https://api.github.com/repos/douglasgreen/config-setup/zipball/3c4711de3c949bb135aafff3934edda384abf5a8",
                "reference": "3c4711de3c949bb135aafff3934edda384abf5a8",
                "shasum": ""
            },
            "require": {
                "nette/neon": "^3.4",
                "php": ">=8.2"
            },
            "require-dev": {
                "phpstan/phpstan": "^2.1",
                "rector/rector": "^2.0",
                "shipmonk/name-collision-detector": "^2.1",
                "symplify/easy-coding-standard": "^12.5"
            },
            "default-branch": true,
            "bin": [
                "bin/check_composer_usage.php",
                "bin/config_setup.php",
                "bin/sort_composer_json.php"
            ],
            "type": "library",
            "autoload": {
                "psr-4": {
                    "DouglasGreen\\ConfigSetup\\": "src"
                }
            },
            "scripts": {
                "lint": [
                    "detect-collisions",
                    "ecs",
                    "phpstan analyse",
                    "rector --dry-run"
                ],
                "lint:fix": [
                    "ecs --fix",
                    "rector",
                    "sort_composer_json.php"
                ]
            },
            "license": [
                "MIT"
            ],
            "authors": [
                {
                    "name": "Douglas Green",
                    "email": "douglas@nurd.site",
                    "homepage": "https://nurd.site/",
                    "role": "Developer"
                }
            ],
            "description": "Preconfigured setup files for linting, fixing, and testing PHP and JavaScript projects",
            "homepage": "https://github.com/douglasgreen/config-setup",
            "keywords": [
                "automation",
                "code quality",
                "code standards",
                "code validation",
                "config",
                "fixing",
                "linter",
                "linting",
                "php",
                "phpunit"
            ],
            "support": {
                "source": "https://github.com/douglasgreen/config-setup/tree/main",
                "issues": "https://github.com/douglasgreen/config-setup/issues"
            },
            "time": "2025-06-06T16:30:39+00:00"
        },
        {
            "name": "nette/neon",
            "version": "v3.4.4",
            "source": {
                "type": "git",
                "url": "https://github.com/nette/neon.git",
                "reference": "3411aa86b104e2d5b7e760da4600865ead963c3c"
            },
            "dist": {
                "type": "zip",
                "url": "https://api.github.com/repos/nette/neon/zipball/3411aa86b104e2d5b7e760da4600865ead963c3c",
                "reference": "3411aa86b104e2d5b7e760da4600865ead963c3c",
                "shasum": ""
            },
            "require": {
                "ext-json": "*",
                "php": "8.0 - 8.4"
            },
            "require-dev": {
                "nette/tester": "^2.4",
                "phpstan/phpstan": "^1.0",
                "tracy/tracy": "^2.7"
            },
            "bin": [
                "bin/neon-lint"
            ],
            "type": "library",
            "extra": {
                "branch-alias": {
                    "dev-master": "3.4-dev"
                }
            },
            "autoload": {
                "classmap": [
                    "src/"
                ]
            },
            "notification-url": "https://packagist.org/downloads/",
            "license": [
                "BSD-3-Clause",
                "GPL-2.0-only",
                "GPL-3.0-only"
            ],
            "authors": [
                {
                    "name": "David Grudl",
                    "homepage": "https://davidgrudl.com"
                },
                {
                    "name": "Nette Community",
                    "homepage": "https://nette.org/contributors"
                }
            ],
            "description": "🍸 Nette NEON: encodes and decodes NEON file format.",
            "homepage": "https://ne-on.org",
            "keywords": [
                "export",
                "import",
                "neon",
                "nette",
                "yaml"
            ],
            "support": {
                "issues": "https://github.com/nette/neon/issues",
                "source": "https://github.com/nette/neon/tree/v3.4.4"
            },
            "time": "2024-10-04T22:00:08+00:00"
        },
        {
            "name": "nette/schema",
            "version": "v1.3.2",
            "source": {
                "type": "git",
                "url": "https://github.com/nette/schema.git",
                "reference": "da801d52f0354f70a638673c4a0f04e16529431d"
            },
            "dist": {
                "type": "zip",
                "url": "https://api.github.com/repos/nette/schema/zipball/da801d52f0354f70a638673c4a0f04e16529431d",
                "reference": "da801d52f0354f70a638673c4a0f04e16529431d",
                "shasum": ""
            },
            "require": {
                "nette/utils": "^4.0",
                "php": "8.1 - 8.4"
            },
            "require-dev": {
                "nette/tester": "^2.5.2",
                "phpstan/phpstan-nette": "^1.0",
                "tracy/tracy": "^2.8"
            },
            "type": "library",
            "extra": {
                "branch-alias": {
                    "dev-master": "1.3-dev"
                }
            },
            "autoload": {
                "classmap": [
                    "src/"
                ]
            },
            "notification-url": "https://packagist.org/downloads/",
            "license": [
                "BSD-3-Clause",
                "GPL-2.0-only",
                "GPL-3.0-only"
            ],
            "authors": [
                {
                    "name": "David Grudl",
                    "homepage": "https://davidgrudl.com"
                },
                {
                    "name": "Nette Community",
                    "homepage": "https://nette.org/contributors"
                }
            ],
            "description": "📐 Nette Schema: validating data structures against a given Schema.",
            "homepage": "https://nette.org",
            "keywords": [
                "config",
                "nette"
            ],
            "support": {
                "issues": "https://github.com/nette/schema/issues",
                "source": "https://github.com/nette/schema/tree/v1.3.2"
            },
            "time": "2024-10-06T23:10:23+00:00"
        },
        {
            "name": "nette/utils",
            "version": "v4.0.7",
            "source": {
                "type": "git",
                "url": "https://github.com/nette/utils.git",
                "reference": "e67c4061eb40b9c113b218214e42cb5a0dda28f2"
            },
            "dist": {
                "type": "zip",
                "url": "https://api.github.com/repos/nette/utils/zipball/e67c4061eb40b9c113b218214e42cb5a0dda28f2",
                "reference": "e67c4061eb40b9c113b218214e42cb5a0dda28f2",
                "shasum": ""
            },
            "require": {
                "php": "8.0 - 8.4"
            },
            "conflict": {
                "nette/finder": "<3",
                "nette/schema": "<1.2.2"
            },
            "require-dev": {
                "jetbrains/phpstorm-attributes": "dev-master",
                "nette/tester": "^2.5",
                "phpstan/phpstan": "^1.0",
                "tracy/tracy": "^2.9"
            },
            "suggest": {
                "ext-gd": "to use Image",
                "ext-iconv": "to use Strings::webalize(), toAscii(), chr() and reverse()",
                "ext-intl": "to use Strings::webalize(), toAscii(), normalize() and compare()",
                "ext-json": "to use Nette\\Utils\\Json",
                "ext-mbstring": "to use Strings::lower() etc...",
                "ext-tokenizer": "to use Nette\\Utils\\Reflection::getUseStatements()"
            },
            "type": "library",
            "extra": {
                "branch-alias": {
                    "dev-master": "4.0-dev"
                }
            },
            "autoload": {
                "classmap": [
                    "src/"
                ]
            },
            "notification-url": "https://packagist.org/downloads/",
            "license": [
                "BSD-3-Clause",
                "GPL-2.0-only",
                "GPL-3.0-only"
            ],
            "authors": [
                {
                    "name": "David Grudl",
                    "homepage": "https://davidgrudl.com"
                },
                {
                    "name": "Nette Community",
                    "homepage": "https://nette.org/contributors"
                }
            ],
            "description": "🛠  Nette Utils: lightweight utilities for string & array manipulation, image handling, safe JSON encoding/decoding, validation, slug or strong password generating etc.",
            "homepage": "https://nette.org",
            "keywords": [
                "array",
                "core",
                "datetime",
                "images",
                "json",
                "nette",
                "paginator",
                "password",
                "slugify",
                "string",
                "unicode",
                "utf-8",
                "utility",
                "validation"
            ],
            "support": {
                "issues": "https://github.com/nette/utils/issues",
                "source": "https://github.com/nette/utils/tree/v4.0.7"
            },
            "time": "2025-06-03T04:55:08+00:00"
        },
        {
            "name": "phpstan/phpstan",
            "version": "2.1.17",
            "source": {
                "type": "git",
                "url": "https://github.com/phpstan/phpstan.git",
                "reference": "89b5ef665716fa2a52ecd2633f21007a6a349053"
            },
            "dist": {
                "type": "zip",
                "url": "https://api.github.com/repos/phpstan/phpstan/zipball/89b5ef665716fa2a52ecd2633f21007a6a349053",
                "reference": "89b5ef665716fa2a52ecd2633f21007a6a349053",
                "shasum": ""
            },
            "require": {
                "php": "^7.4|^8.0"
            },
            "conflict": {
                "phpstan/phpstan-shim": "*"
            },
            "bin": [
                "phpstan",
                "phpstan.phar"
            ],
            "type": "library",
            "autoload": {
                "files": [
                    "bootstrap.php"
                ]
            },
            "notification-url": "https://packagist.org/downloads/",
            "license": [
                "MIT"
            ],
            "description": "PHPStan - PHP Static Analysis Tool",
            "keywords": [
                "dev",
                "static analysis"
            ],
            "support": {
                "docs": "https://phpstan.org/user-guide/getting-started",
                "forum": "https://github.com/phpstan/phpstan/discussions",
                "issues": "https://github.com/phpstan/phpstan/issues",
                "security": "https://github.com/phpstan/phpstan/security/policy",
                "source": "https://github.com/phpstan/phpstan-src"
            },
            "funding": [
                {
                    "url": "https://github.com/ondrejmirtes",
                    "type": "github"
                },
                {
                    "url": "https://github.com/phpstan",
                    "type": "github"
                }
            ],
            "time": "2025-05-21T20:55:28+00:00"
        },
        {
            "name": "rector/rector",
            "version": "2.0.17",
            "source": {
                "type": "git",
                "url": "https://github.com/rectorphp/rector.git",
                "reference": "caa4ffda1d48bde44434e6ba95d132ec32e7fd40"
            },
            "dist": {
                "type": "zip",
                "url": "https://api.github.com/repos/rectorphp/rector/zipball/caa4ffda1d48bde44434e6ba95d132ec32e7fd40",
                "reference": "caa4ffda1d48bde44434e6ba95d132ec32e7fd40",
                "shasum": ""
            },
            "require": {
                "php": "^7.4|^8.0",
                "phpstan/phpstan": "^2.1.17"
            },
            "conflict": {
                "rector/rector-doctrine": "*",
                "rector/rector-downgrade-php": "*",
                "rector/rector-phpunit": "*",
                "rector/rector-symfony": "*"
            },
            "suggest": {
                "ext-dom": "To manipulate phpunit.xml via the custom-rule command"
            },
            "bin": [
                "bin/rector"
            ],
            "type": "library",
            "autoload": {
                "files": [
                    "bootstrap.php"
                ]
            },
            "notification-url": "https://packagist.org/downloads/",
            "license": [
                "MIT"
            ],
            "description": "Instant Upgrade and Automated Refactoring of any PHP code",
            "keywords": [
                "automation",
                "dev",
                "migration",
                "refactoring"
            ],
            "support": {
                "issues": "https://github.com/rectorphp/rector/issues",
                "source": "https://github.com/rectorphp/rector/tree/2.0.17"
            },
            "funding": [
                {
                    "url": "https://github.com/tomasvotruba",
                    "type": "github"
                }
            ],
            "time": "2025-05-30T10:59:08+00:00"
        },
        {
            "name": "shipmonk/name-collision-detector",
            "version": "2.1.1",
            "source": {
                "type": "git",
                "url": "https://github.com/shipmonk-rnd/name-collision-detector.git",
                "reference": "e8c8267a9a3774450b64f4cbf0bb035108e78f07"
            },
            "dist": {
                "type": "zip",
                "url": "https://api.github.com/repos/shipmonk-rnd/name-collision-detector/zipball/e8c8267a9a3774450b64f4cbf0bb035108e78f07",
                "reference": "e8c8267a9a3774450b64f4cbf0bb035108e78f07",
                "shasum": ""
            },
            "require": {
                "ext-json": "*",
                "ext-tokenizer": "*",
                "nette/schema": "^1.1.0",
                "php": "^7.2 || ^8.0"
            },
            "require-dev": {
                "editorconfig-checker/editorconfig-checker": "^10.3.0",
                "ergebnis/composer-normalize": "^2.19",
                "phpstan/phpstan": "^1.8.7",
                "phpstan/phpstan-phpunit": "^1.1.1",
                "phpstan/phpstan-strict-rules": "^1.2.3",
                "phpunit/phpunit": "^8.5.28 || ^9.5.20",
                "shipmonk/composer-dependency-analyser": "^1.0.0",
                "slevomat/coding-standard": "^8.0.1"
            },
            "bin": [
                "bin/detect-collisions"
            ],
            "type": "library",
            "autoload": {
                "psr-4": {
                    "ShipMonk\\NameCollision\\": "src/"
                }
            },
            "notification-url": "https://packagist.org/downloads/",
            "license": [
                "MIT"
            ],
            "description": "Simple tool to find ambiguous classes or any other name duplicates within your project.",
            "keywords": [
                "ambiguous",
                "autoload",
                "autoloading",
                "classname",
                "collision",
                "namespace"
            ],
            "support": {
                "issues": "https://github.com/shipmonk-rnd/name-collision-detector/issues",
                "source": "https://github.com/shipmonk-rnd/name-collision-detector/tree/2.1.1"
            },
            "time": "2024-03-01T13:26:32+00:00"
        },
        {
            "name": "symplify/easy-coding-standard",
            "version": "12.5.20",
            "source": {
                "type": "git",
                "url": "https://github.com/easy-coding-standard/easy-coding-standard.git",
                "reference": "bb44b0fc70dd2148d8a6362bc66a35e23dc31bc4"
            },
            "dist": {
                "type": "zip",
                "url": "https://api.github.com/repos/easy-coding-standard/easy-coding-standard/zipball/bb44b0fc70dd2148d8a6362bc66a35e23dc31bc4",
                "reference": "bb44b0fc70dd2148d8a6362bc66a35e23dc31bc4",
                "shasum": ""
            },
            "require": {
                "php": ">=7.2"
            },
            "conflict": {
                "friendsofphp/php-cs-fixer": "<3.46",
                "phpcsstandards/php_codesniffer": "<3.8",
                "symplify/coding-standard": "<12.1"
            },
            "suggest": {
                "ext-dom": "Needed to support checkstyle output format in class CheckstyleOutputFormatter"
            },
            "bin": [
                "bin/ecs"
            ],
            "type": "library",
            "autoload": {
                "files": [
                    "bootstrap.php"
                ]
            },
            "notification-url": "https://packagist.org/downloads/",
            "license": [
                "MIT"
            ],
            "description": "Use Coding Standard with 0-knowledge of PHP-CS-Fixer and PHP_CodeSniffer",
            "keywords": [
                "Code style",
                "automation",
                "fixer",
                "static analysis"
            ],
            "support": {
                "issues": "https://github.com/easy-coding-standard/easy-coding-standard/issues",
                "source": "https://github.com/easy-coding-standard/easy-coding-standard/tree/12.5.20"
            },
            "funding": [
                {
                    "url": "https://www.paypal.me/rectorphp",
                    "type": "custom"
                },
                {
                    "url": "https://github.com/tomasvotruba",
                    "type": "github"
                }
            ],
            "time": "2025-05-30T11:42:07+00:00"
        }
    ],
    "aliases": [],
    "minimum-stability": "dev",
    "stability-flags": {
        "douglasgreen/config-setup": 20
    },
    "prefer-stable": true,
    "prefer-lowest": false,
    "platform": {
        "php": ">=8.2"
    },
    "platform-dev": [],
    "plugin-api-version": "2.3.0"
}
